
Microsoft Visual Studio Solution File, Format Version 12.00
# Visual Studio Version 16
VisualStudioVersion = 16.0.31624.102
MinimumVisualStudioVersion = 10.0.40219.1
Project("{8BC9CEB8-8B4A-11D0-8D11-00A0C91BC942}") = "Section02", "test_install\test_install.vcxproj", "{5D812A02-D8FC-4C09-9E3A-9D0374E687A9}"
EndProject
Project("{8BC9CEB8-8B4A-11D0-8D11-00A0C91BC942}") = "Section02-Project02-01", "Project02-01\Project02-01.vcxproj", "{6B285486-BE36-4E03-AEA0-7BE256EA202D}"
EndProject
Project("{8BC9CEB8-8B4A-11D0-8D11-00A0C91BC942}") = "Section02-Project02-02", "Project02-02\Project02-02.vcxproj", "{7E8CDDB7-6E12-4896-9DDB-A78BFC264B00}"
EndProject
Project("{8BC9CEB8-8B4A-11D0-8D11-00A0C91BC942}") = "Section03", "Section03\Section03.vcxproj", "{B39F510E-BB38-4595-BFFC-ABA615A11E2B}"
EndProject
Project("{8BC9CEB8-8B4A-11D0-8D11-00A0C91BC942}") = "Section03-Project03-01", "Section03-Project03-01\Section03-Project03-01.vcxproj", "{99FDC344-33F4-499B-BB05-4103A6303F44}"
EndProject
Project("{8BC9CEB8-8B4A-11D0-8D11-00A0C91BC942}") = "Section03-Project03-02", "Section03-Project03-02\Section03-Project03-02.vcxproj", "{B75A174B-D4CA-4D19-90F7-37E38D218677}"
EndProject
Project("{8BC9CEB8-8B4A-11D0-8D11-00A0C91BC942}") = "Section03-Project03-03", "Section03-Project03-03\Section03-Project03-03.vcxproj", "{3A893B23-7EF9-436B-9EE6-1766E0F7369E}"
EndProject
Project("{8BC9CEB8-8B4A-11D0-8D11-00A0C91BC942}") = "Section04", "Section04\Section04.vcxproj", "{58E4809E-8386-4F93-918F-1F88E66F6FAC}"
EndProject
Project("{8BC9CEB8-8B4A-11D0-8D11-00A0C91BC942}") = "Section04-Project04-01", "Section04-Project04-01\Section04-Project04-01.vcxproj", "{B4FE356D-9EA7-415C-A195-71499057EDDC}"
EndProject
Project("{8BC9CEB8-8B4A-11D0-8D11-00A0C91BC942}") = "Section04-Project04-02", "Section04-Project04-02\Section04-Project04-02.vcxproj", "{6CC1E395-599C-41E4-A21A-3C404B9F23B7}"
EndProject
Project("{8BC9CEB8-8B4A-11D0-8D11-00A0C91BC942}") = "Section04-Project04-03", "Section04-Project04-03\Section04-Project04-03.vcxproj", "{25BEE752-F698-43F5-B87E-C437091614A0}"
EndProject
Project("{8BC9CEB8-8B4A-11D0-8D11-00A0C91BC942}") = "Section05", "Section05\Section05.vcxproj", "{159FA029-1951-495D-8160-B7207B058382}"
EndProject
Project("{8BC9CEB8-8B4A-11D0-8D11-00A0C91BC942}") = "Section05-Project05-01", "Section05-Project05-01\Section05-Project05-01.vcxproj", "{04B3692D-A198-498F-A0D6-038CE335897D}"
EndProject
Project("{8BC9CEB8-8B4A-11D0-8D11-00A0C91BC942}") = "Section05-Project05-02", "Section05-Project05-02\Section05-Project05-02.vcxproj", "{7D467971-2EAF-4146-AB65-80ADEE73EF13}"
EndProject
Project("{8BC9CEB8-8B4A-11D0-8D11-00A0C91BC942}") = "Section05-Project05-03", "Section05-Project05-03\Section05-Project05-03.vcxproj", "{9F9FD0D8-C859-4626-9E95-4A0351AE30AC}"
EndProject
Project("{8BC9CEB8-8B4A-11D0-8D11-00A0C91BC942}") = "Section06", "Section06\Section06.vcxproj", "{A3984965-F5F4-4E48-B740-BDA6251C7FE3}"
EndProject
Project("{8BC9CEB8-8B4A-11D0-8D11-00A0C91BC942}") = "Section06-02", "Section06-02\Section06-02.vcxproj", "{148E2976-D52E-4A48-9B7A-8D243E5A085A}"
EndProject
Global
	GlobalSection(SolutionConfigurationPlatforms) = preSolution
		Debug|x64 = Debug|x64
		Debug|x86 = Debug|x86
		Release|x64 = Release|x64
		Release|x86 = Release|x86
	EndGlobalSection
	GlobalSection(ProjectConfigurationPlatforms) = postSolution
		{5D812A02-D8FC-4C09-9E3A-9D0374E687A9}.Debug|x64.ActiveCfg = Debug|x64
		{5D812A02-D8FC-4C09-9E3A-9D0374E687A9}.Debug|x64.Build.0 = Debug|x64
		{5D812A02-D8FC-4C09-9E3A-9D0374E687A9}.Debug|x86.ActiveCfg = Debug|Win32
		{5D812A02-D8FC-4C09-9E3A-9D0374E687A9}.Debug|x86.Build.0 = Debug|Win32
		{5D812A02-D8FC-4C09-9E3A-9D0374E687A9}.Release|x64.ActiveCfg = Release|x64
		{5D812A02-D8FC-4C09-9E3A-9D0374E687A9}.Release|x64.Build.0 = Release|x64
		{5D812A02-D8FC-4C09-9E3A-9D0374E687A9}.Release|x86.ActiveCfg = Release|Win32
		{5D812A02-D8FC-4C09-9E3A-9D0374E687A9}.Release|x86.Build.0 = Release|Win32
		{6B285486-BE36-4E03-AEA0-7BE256EA202D}.Debug|x64.ActiveCfg = Debug|x64
		{6B285486-BE36-4E03-AEA0-7BE256EA202D}.Debug|x64.Build.0 = Debug|x64
		{6B285486-BE36-4E03-AEA0-7BE256EA202D}.Debug|x86.ActiveCfg = Debug|Win32
		{6B285486-BE36-4E03-AEA0-7BE256EA202D}.Debug|x86.Build.0 = Debug|Win32
		{6B285486-BE36-4E03-AEA0-7BE256EA202D}.Release|x64.ActiveCfg = Release|x64
		{6B285486-BE36-4E03-AEA0-7BE256EA202D}.Release|x64.Build.0 = Release|x64
		{6B285486-BE36-4E03-AEA0-7BE256EA202D}.Release|x86.ActiveCfg = Release|Win32
		{6B285486-BE36-4E03-AEA0-7BE256EA202D}.Release|x86.Build.0 = Release|Win32
		{7E8CDDB7-6E12-4896-9DDB-A78BFC264B00}.Debug|x64.ActiveCfg = Debug|x64
		{7E8CDDB7-6E12-4896-9DDB-A78BFC264B00}.Debug|x64.Build.0 = Debug|x64
		{7E8CDDB7-6E12-4896-9DDB-A78BFC264B00}.Debug|x86.ActiveCfg = Debug|Win32
		{7E8CDDB7-6E12-4896-9DDB-A78BFC264B00}.Debug|x86.Build.0 = Debug|Win32
		{7E8CDDB7-6E12-4896-9DDB-A78BFC264B00}.Release|x64.ActiveCfg = Release|x64
		{7E8CDDB7-6E12-4896-9DDB-A78BFC264B00}.Release|x64.Build.0 = Release|x64
		{7E8CDDB7-6E12-4896-9DDB-A78BFC264B00}.Release|x86.ActiveCfg = Release|Win32
		{7E8CDDB7-6E12-4896-9DDB-A78BFC264B00}.Release|x86.Build.0 = Release|Win32
		{B39F510E-BB38-4595-BFFC-ABA615A11E2B}.Debug|x64.ActiveCfg = Debug|x64
		{B39F510E-BB38-4595-BFFC-ABA615A11E2B}.Debug|x64.Build.0 = Debug|x64
		{B39F510E-BB38-4595-BFFC-ABA615A11E2B}.Debug|x86.ActiveCfg = Debug|Win32
		{B39F510E-BB38-4595-BFFC-ABA615A11E2B}.Debug|x86.Build.0 = Debug|Win32
		{B39F510E-BB38-4595-BFFC-ABA615A11E2B}.Release|x64.ActiveCfg = Release|x64
		{B39F510E-BB38-4595-BFFC-ABA615A11E2B}.Release|x64.Build.0 = Release|x64
		{B39F510E-BB38-4595-BFFC-ABA615A11E2B}.Release|x86.ActiveCfg = Release|Win32
		{B39F510E-BB38-4595-BFFC-ABA615A11E2B}.Release|x86.Build.0 = Release|Win32
		{99FDC344-33F4-499B-BB05-4103A6303F44}.Debug|x64.ActiveCfg = Debug|x64
		{99FDC344-33F4-499B-BB05-4103A6303F44}.Debug|x64.Build.0 = Debug|x64
		{99FDC344-33F4-499B-BB05-4103A6303F44}.Debug|x86.ActiveCfg = Debug|Win32
		{99FDC344-33F4-499B-BB05-4103A6303F44}.Debug|x86.Build.0 = Debug|Win32
		{99FDC344-33F4-499B-BB05-4103A6303F44}.Release|x64.ActiveCfg = Release|x64
		{99FDC344-33F4-499B-BB05-4103A6303F44}.Release|x64.Build.0 = Release|x64
		{99FDC344-33F4-499B-BB05-4103A6303F44}.Release|x86.ActiveCfg = Release|Win32
		{99FDC344-33F4-499B-BB05-4103A6303F44}.Release|x86.Build.0 = Release|Win32
		{B75A174B-D4CA-4D19-90F7-37E38D218677}.Debug|x64.ActiveCfg = Debug|x64
		{B75A174B-D4CA-4D19-90F7-37E38D218677}.Debug|x64.Build.0 = Debug|x64
		{B75A174B-D4CA-4D19-90F7-37E38D218677}.Debug|x86.ActiveCfg = Debug|Win32
		{B75A174B-D4CA-4D19-90F7-37E38D218677}.Debug|x86.Build.0 = Debug|Win32
		{B75A174B-D4CA-4D19-90F7-37E38D218677}.Release|x64.ActiveCfg = Release|x64
		{B75A174B-D4CA-4D19-90F7-37E38D218677}.Release|x64.Build.0 = Release|x64
		{B75A174B-D4CA-4D19-90F7-37E38D218677}.Release|x86.ActiveCfg = Release|Win32
		{B75A174B-D4CA-4D19-90F7-37E38D218677}.Release|x86.Build.0 = Release|Win32
		{3A893B23-7EF9-436B-9EE6-1766E0F7369E}.Debug|x64.ActiveCfg = Debug|x64
		{3A893B23-7EF9-436B-9EE6-1766E0F7369E}.Debug|x64.Build.0 = Debug|x64
		{3A893B23-7EF9-436B-9EE6-1766E0F7369E}.Debug|x86.ActiveCfg = Debug|Win32
		{3A893B23-7EF9-436B-9EE6-1766E0F7369E}.Debug|x86.Build.0 = Debug|Win32
		{3A893B23-7EF9-436B-9EE6-1766E0F7369E}.Release|x64.ActiveCfg = Release|x64
		{3A893B23-7EF9-436B-9EE6-1766E0F7369E}.Release|x64.Build.0 = Release|x64
		{3A893B23-7EF9-436B-9EE6-1766E0F7369E}.Release|x86.ActiveCfg = Release|Win32
		{3A893B23-7EF9-436B-9EE6-1766E0F7369E}.Release|x86.Build.0 = Release|Win32
		{58E4809E-8386-4F93-918F-1F88E66F6FAC}.Debug|x64.ActiveCfg = Debug|x64
		{58E4809E-8386-4F93-918F-1F88E66F6FAC}.Debug|x64.Build.0 = Debug|x64
		{58E4809E-8386-4F93-918F-1F88E66F6FAC}.Debug|x86.ActiveCfg = Debug|Win32
		{58E4809E-8386-4F93-918F-1F88E66F6FAC}.Debug|x86.Build.0 = Debug|Win32
		{58E4809E-8386-4F93-918F-1F88E66F6FAC}.Release|x64.ActiveCfg = Release|x64
		{58E4809E-8386-4F93-918F-1F88E66F6FAC}.Release|x64.Build.0 = Release|x64
		{58E4809E-8386-4F93-918F-1F88E66F6FAC}.Release|x86.ActiveCfg = Release|Win32
		{58E4809E-8386-4F93-918F-1F88E66F6FAC}.Release|x86.Build.0 = Release|Win32
		{B4FE356D-9EA7-415C-A195-71499057EDDC}.Debug|x64.ActiveCfg = Debug|x64
		{B4FE356D-9EA7-415C-A195-71499057EDDC}.Debug|x64.Build.0 = Debug|x64
		{B4FE356D-9EA7-415C-A195-71499057EDDC}.Debug|x86.ActiveCfg = Debug|Win32
		{B4FE356D-9EA7-415C-A195-71499057EDDC}.Debug|x86.Build.0 = Debug|Win32
		{B4FE356D-9EA7-415C-A195-71499057EDDC}.Release|x64.ActiveCfg = Release|x64
		{B4FE356D-9EA7-415C-A195-71499057EDDC}.Release|x64.Build.0 = Release|x64
		{B4FE356D-9EA7-415C-A195-71499057EDDC}.Release|x86.ActiveCfg = Release|Win32
		{B4FE356D-9EA7-415C-A195-71499057EDDC}.Release|x86.Build.0 = Release|Win32
		{6CC1E395-599C-41E4-A21A-3C404B9F23B7}.Debug|x64.ActiveCfg = Debug|x64
		{6CC1E395-599C-41E4-A21A-3C404B9F23B7}.Debug|x64.Build.0 = Debug|x64
		{6CC1E395-599C-41E4-A21A-3C404B9F23B7}.Debug|x86.ActiveCfg = Debug|Win32
		{6CC1E395-599C-41E4-A21A-3C404B9F23B7}.Debug|x86.Build.0 = Debug|Win32
		{6CC1E395-599C-41E4-A21A-3C404B9F23B7}.Release|x64.ActiveCfg = Release|x64
		{6CC1E395-599C-41E4-A21A-3C404B9F23B7}.Release|x64.Build.0 = Release|x64
		{6CC1E395-599C-41E4-A21A-3C404B9F23B7}.Release|x86.ActiveCfg = Release|Win32
		{6CC1E395-599C-41E4-A21A-3C404B9F23B7}.Release|x86.Build.0 = Release|Win32
		{25BEE752-F698-43F5-B87E-C437091614A0}.Debug|x64.ActiveCfg = Debug|x64
		{25BEE752-F698-43F5-B87E-C437091614A0}.Debug|x64.Build.0 = Debug|x64
		{25BEE752-F698-43F5-B87E-C437091614A0}.Debug|x86.ActiveCfg = Debug|Win32
		{25BEE752-F698-43F5-B87E-C437091614A0}.Debug|x86.Build.0 = Debug|Win32
		{25BEE752-F698-43F5-B87E-C437091614A0}.Release|x64.ActiveCfg = Release|x64
		{25BEE752-F698-43F5-B87E-C437091614A0}.Release|x64.Build.0 = Release|x64
		{25BEE752-F698-43F5-B87E-C437091614A0}.Release|x86.ActiveCfg = Release|Win32
		{25BEE752-F698-43F5-B87E-C437091614A0}.Release|x86.Build.0 = Release|Win32
		{159FA029-1951-495D-8160-B7207B058382}.Debug|x64.ActiveCfg = Debug|x64
		{159FA029-1951-495D-8160-B7207B058382}.Debug|x64.Build.0 = Debug|x64
		{159FA029-1951-495D-8160-B7207B058382}.Debug|x86.ActiveCfg = Debug|Win32
		{159FA029-1951-495D-8160-B7207B058382}.Debug|x86.Build.0 = Debug|Win32
		{159FA029-1951-495D-8160-B7207B058382}.Release|x64.ActiveCfg = Release|x64
		{159FA029-1951-495D-8160-B7207B058382}.Release|x64.Build.0 = Release|x64
		{159FA029-1951-495D-8160-B7207B058382}.Release|x86.ActiveCfg = Release|Win32
		{159FA029-1951-495D-8160-B7207B058382}.Release|x86.Build.0 = Release|Win32
		{04B3692D-A198-498F-A0D6-038CE335897D}.Debug|x64.ActiveCfg = Debug|x64
		{04B3692D-A198-498F-A0D6-038CE335897D}.Debug|x64.Build.0 = Debug|x64
		{04B3692D-A198-498F-A0D6-038CE335897D}.Debug|x86.ActiveCfg = Debug|Win32
		{04B3692D-A198-498F-A0D6-038CE335897D}.Debug|x86.Build.0 = Debug|Win32
		{04B3692D-A198-498F-A0D6-038CE335897D}.Release|x64.ActiveCfg = Release|x64
		{04B3692D-A198-498F-A0D6-038CE335897D}.Release|x64.Build.0 = Release|x64
		{04B3692D-A198-498F-A0D6-038CE335897D}.Release|x86.ActiveCfg = Release|Win32
		{04B3692D-A198-498F-A0D6-038CE335897D}.Release|x86.Build.0 = Release|Win32
		{7D467971-2EAF-4146-AB65-80ADEE73EF13}.Debug|x64.ActiveCfg = Debug|x64
		{7D467971-2EAF-4146-AB65-80ADEE73EF13}.Debug|x64.Build.0 = Debug|x64
		{7D467971-2EAF-4146-AB65-80ADEE73EF13}.Debug|x86.ActiveCfg = Debug|Win32
		{7D467971-2EAF-4146-AB65-80ADEE73EF13}.Debug|x86.Build.0 = Debug|Win32
		{7D467971-2EAF-4146-AB65-80ADEE73EF13}.Release|x64.ActiveCfg = Release|x64
		{7D467971-2EAF-4146-AB65-80ADEE73EF13}.Release|x64.Build.0 = Release|x64
		{7D467971-2EAF-4146-AB65-80ADEE73EF13}.Release|x86.ActiveCfg = Release|Win32
		{7D467971-2EAF-4146-AB65-80ADEE73EF13}.Release|x86.Build.0 = Release|Win32
		{9F9FD0D8-C859-4626-9E95-4A0351AE30AC}.Debug|x64.ActiveCfg = Debug|x64
		{9F9FD0D8-C859-4626-9E95-4A0351AE30AC}.Debug|x64.Build.0 = Debug|x64
		{9F9FD0D8-C859-4626-9E95-4A0351AE30AC}.Debug|x86.ActiveCfg = Debug|Win32
		{9F9FD0D8-C859-4626-9E95-4A0351AE30AC}.Debug|x86.Build.0 = Debug|Win32
		{9F9FD0D8-C859-4626-9E95-4A0351AE30AC}.Release|x64.ActiveCfg = Release|x64
		{9F9FD0D8-C859-4626-9E95-4A0351AE30AC}.Release|x64.Build.0 = Release|x64
		{9F9FD0D8-C859-4626-9E95-4A0351AE30AC}.Release|x86.ActiveCfg = Release|Win32
		{9F9FD0D8-C859-4626-9E95-4A0351AE30AC}.Release|x86.Build.0 = Release|Win32
		{A3984965-F5F4-4E48-B740-BDA6251C7FE3}.Debug|x64.ActiveCfg = Debug|x64
		{A3984965-F5F4-4E48-B740-BDA6251C7FE3}.Debug|x64.Build.0 = Debug|x64
		{A3984965-F5F4-4E48-B740-BDA6251C7FE3}.Debug|x86.ActiveCfg = Debug|Win32
		{A3984965-F5F4-4E48-B740-BDA6251C7FE3}.Debug|x86.Build.0 = Debug|Win32
		{A3984965-F5F4-4E48-B740-BDA6251C7FE3}.Release|x64.ActiveCfg = Release|x64
		{A3984965-F5F4-4E48-B740-BDA6251C7FE3}.Release|x64.Build.0 = Release|x64
		{A3984965-F5F4-4E48-B740-BDA6251C7FE3}.Release|x86.ActiveCfg = Release|Win32
		{A3984965-F5F4-4E48-B740-BDA6251C7FE3}.Release|x86.Build.0 = Release|Win32
		{148E2976-D52E-4A48-9B7A-8D243E5A085A}.Debug|x64.ActiveCfg = Debug|x64
		{148E2976-D52E-4A48-9B7A-8D243E5A085A}.Debug|x64.Build.0 = Debug|x64
		{148E2976-D52E-4A48-9B7A-8D243E5A085A}.Debug|x86.ActiveCfg = Debug|Win32
		{148E2976-D52E-4A48-9B7A-8D243E5A085A}.Debug|x86.Build.0 = Debug|Win32
		{148E2976-D52E-4A48-9B7A-8D243E5A085A}.Release|x64.ActiveCfg = Release|x64
		{148E2976-D52E-4A48-9B7A-8D243E5A085A}.Release|x64.Build.0 = Release|x64
		{148E2976-D52E-4A48-9B7A-8D243E5A085A}.Release|x86.ActiveCfg = Release|Win32
		{148E2976-D52E-4A48-9B7A-8D243E5A085A}.Release|x86.Build.0 = Release|Win32
	EndGlobalSection
	GlobalSection(SolutionProperties) = preSolution
		HideSolutionNode = FALSE
	EndGlobalSection
	GlobalSection(ExtensibilityGlobals) = postSolution
		SolutionGuid = {B4DF311E-C193-4AC2-9033-E8B60CEB454B}
	EndGlobalSection
EndGlobal
